// !$*UTF8*$!
{
	archiveVersion = 1;
	classes = {
	};
	objectVersion = 46;
	objects = {

/* Begin PBXBuildFile section */
		98158CB41AA618BA00F028C9 /* ServiceConnector.m in Sources */ = {isa = PBXBuildFile; fileRef = 98158CB31AA618BA00F028C9 /* ServiceConnector.m */; };
		98158CB81AA61D6400F028C9 /* AMObjects.m in Sources */ = {isa = PBXBuildFile; fileRef = 98158CB71AA61D6400F028C9 /* AMObjects.m */; };
		98158CBB1AA61D6500F028C9 /* AMxlsFile.m in Sources */ = {isa = PBXBuildFile; fileRef = 98158CBA1AA61D6500F028C9 /* AMxlsFile.m */; };
		98158CBE1AA61D6500F028C9 /* AMCustomVSchedule.m in Sources */ = {isa = PBXBuildFile; fileRef = 98158CBD1AA61D6500F028C9 /* AMCustomVSchedule.m */; };
		98158CC11AA61D6500F028C9 /* AMNotes.m in Sources */ = {isa = PBXBuildFile; fileRef = 98158CC01AA61D6500F028C9 /* AMNotes.m */; };
		981EBC981A88C75F0031E7D8 /* AMGroup.m in Sources */ = {isa = PBXBuildFile; fileRef = 981EBC971A88C75F0031E7D8 /* AMGroup.m */; };
		981EBC9B1A88D0BA0031E7D8 /* AMCourse.m in Sources */ = {isa = PBXBuildFile; fileRef = 981EBC9A1A88D0BA0031E7D8 /* AMCourse.m */; };
		98372AB61A8A8C4100B1ACCF /* AMGroupTableViewCell.m in Sources */ = {isa = PBXBuildFile; fileRef = 98372AB51A8A8C4100B1ACCF /* AMGroupTableViewCell.m */; };
		98372AB91A8A905800B1ACCF /* AMReaderManager.m in Sources */ = {isa = PBXBuildFile; fileRef = 98372AB81A8A905800B1ACCF /* AMReaderManager.m */; };
		98390BD21A9F545F008FB583 /* THNotesTextView.m in Sources */ = {isa = PBXBuildFile; fileRef = 98390BD11A9F545F008FB583 /* THNotesTextView.m */; };
		9843842E1A921B260068C329 /* CoreData.xcdatamodeld in Sources */ = {isa = PBXBuildFile; fileRef = 9843842C1A921B260068C329 /* CoreData.xcdatamodeld */; };
		984384331A921D1B0068C329 /* AMDataManager.m in Sources */ = {isa = PBXBuildFile; fileRef = 984384321A921D1B0068C329 /* AMDataManager.m */; };
		984384361A92200A0068C329 /* CoreData.framework in Frameworks */ = {isa = PBXBuildFile; fileRef = 984384341A921E990068C329 /* CoreData.framework */; };
		98479B591A91006100C5F4EF /* AMSelVScheduleTableViewController.m in Sources */ = {isa = PBXBuildFile; fileRef = 98479B581A91006100C5F4EF /* AMSelVScheduleTableViewController.m */; };
		984C38E01A8B83A3004A4E2E /* AMWeekTabBarController.m in Sources */ = {isa = PBXBuildFile; fileRef = 984C38DF1A8B83A3004A4E2E /* AMWeekTabBarController.m */; };
		984C38E51A8BC173004A4E2E /* Images.xcassets in Resources */ = {isa = PBXBuildFile; fileRef = 984C38E41A8BC173004A4E2E /* Images.xcassets */; };
		986545E81A8A116F00822291 /* Main.storyboard in Resources */ = {isa = PBXBuildFile; fileRef = 986545E71A8A116F00822291 /* Main.storyboard */; };
		986545EC1A8A11E000822291 /* AMGroupsTableViewController.m in Sources */ = {isa = PBXBuildFile; fileRef = 986545EB1A8A11E000822291 /* AMGroupsTableViewController.m */; };
		986545F71A8A2C7100822291 /* AMClassTableViewController.m in Sources */ = {isa = PBXBuildFile; fileRef = 986545F61A8A2C7100822291 /* AMClassTableViewController.m */; };
		986C74B11A9DF11900DC412D /* AMNotesNameCell.m in Sources */ = {isa = PBXBuildFile; fileRef = 986C74B01A9DF11900DC412D /* AMNotesNameCell.m */; };
		986C74B51A9DF15500DC412D /* AMNotesTextCell.m in Sources */ = {isa = PBXBuildFile; fileRef = 986C74B41A9DF15500DC412D /* AMNotesTextCell.m */; };
		986D72401A93A86000DD3F46 /* AMAddCourseTableViewController.m in Sources */ = {isa = PBXBuildFile; fileRef = 986D723F1A93A86000DD3F46 /* AMAddCourseTableViewController.m */; };
		98760D431A8FDA5E00B67F43 /* AMSetupTableViewController.m in Sources */ = {isa = PBXBuildFile; fileRef = 98760D421A8FDA5E00B67F43 /* AMSetupTableViewController.m */; };
		98760D461A8FE15900B67F43 /* AMPickerSetupViewController.m in Sources */ = {isa = PBXBuildFile; fileRef = 98760D451A8FE15900B67F43 /* AMPickerSetupViewController.m */; };
		987F18EA1A8A2D35005D1FBC /* AMClassTableViewCell.m in Sources */ = {isa = PBXBuildFile; fileRef = 987F18E91A8A2D35005D1FBC /* AMClassTableViewCell.m */; };
		9895652B1A9B7750005AF795 /* AMNotesTableViewCell.m in Sources */ = {isa = PBXBuildFile; fileRef = 9895652A1A9B7750005AF795 /* AMNotesTableViewCell.m */; };
		9895652F1A9B7830005AF795 /* AMNotesTableViewController.m in Sources */ = {isa = PBXBuildFile; fileRef = 9895652E1A9B7830005AF795 /* AMNotesTableViewController.m */; };
		989565351A9B8781005AF795 /* AMAddNotesTableViewController.m in Sources */ = {isa = PBXBuildFile; fileRef = 989565341A9B8781005AF795 /* AMAddNotesTableViewController.m */; };
		98A808991AADF98D00FB9DD9 /* MNMBottomPullToRefresh.strings in Resources */ = {isa = PBXBuildFile; fileRef = 98A808921AADF98D00FB9DD9 /* MNMBottomPullToRefresh.strings */; };
		98A8089A1AADF98D00FB9DD9 /* MNMBottomPullToRefreshArrow.png in Resources */ = {isa = PBXBuildFile; fileRef = 98A808931AADF98D00FB9DD9 /* MNMBottomPullToRefreshArrow.png */; };
		98A8089B1AADF98D00FB9DD9 /* MNMBottomPullToRefreshArrow@2x.png in Resources */ = {isa = PBXBuildFile; fileRef = 98A808941AADF98D00FB9DD9 /* MNMBottomPullToRefreshArrow@2x.png */; };
		98A8089C1AADF98D00FB9DD9 /* MNMBottomPullToRefreshManager.m in Sources */ = {isa = PBXBuildFile; fileRef = 98A808961AADF98D00FB9DD9 /* MNMBottomPullToRefreshManager.m */; };
		98A8089D1AADF98D00FB9DD9 /* MNMBottomPullToRefreshView.m in Sources */ = {isa = PBXBuildFile; fileRef = 98A808981AADF98D00FB9DD9 /* MNMBottomPullToRefreshView.m */; };
		98A808AB1AADF99700FB9DD9 /* AMNewsCellTableViewCell.m in Sources */ = {isa = PBXBuildFile; fileRef = 98A808A51AADF99700FB9DD9 /* AMNewsCellTableViewCell.m */; };
		98A808AC1AADF99700FB9DD9 /* AMNewsTableViewController.m in Sources */ = {isa = PBXBuildFile; fileRef = 98A808A61AADF99700FB9DD9 /* AMNewsTableViewController.m */; };
		98A808AD1AADF99700FB9DD9 /* AMOneNewsTableViewCell.m in Sources */ = {isa = PBXBuildFile; fileRef = 98A808A71AADF99700FB9DD9 /* AMOneNewsTableViewCell.m */; };
		98A808AE1AADF99700FB9DD9 /* AMOneNewsTableViewController.m in Sources */ = {isa = PBXBuildFile; fileRef = 98A808A81AADF99700FB9DD9 /* AMOneNewsTableViewController.m */; };
		98A808B61AADF9D100FB9DD9 /* HTMLNode.m in Sources */ = {isa = PBXBuildFile; fileRef = 98A808B21AADF9D100FB9DD9 /* HTMLNode.m */; };
		98A808B71AADF9D100FB9DD9 /* HTMLParser.m in Sources */ = {isa = PBXBuildFile; fileRef = 98A808B41AADF9D100FB9DD9 /* HTMLParser.m */; };
		98A808B81AADF9D100FB9DD9 /* README.md in Resources */ = {isa = PBXBuildFile; fileRef = 98A808B51AADF9D100FB9DD9 /* README.md */; };
		98A808BB1AADFA4500FB9DD9 /* libxml2.dylib in Frameworks */ = {isa = PBXBuildFile; fileRef = 98A808BA1AADFA4500FB9DD9 /* libxml2.dylib */; };
		98D915031AA63A01006C370A /* MZDownloadingCell.m in Sources */ = {isa = PBXBuildFile; fileRef = 98D914FE1AA63A01006C370A /* MZDownloadingCell.m */; };
		98D915041AA63A01006C370A /* MZDownloadManagerViewController.m in Sources */ = {isa = PBXBuildFile; fileRef = 98D915001AA63A01006C370A /* MZDownloadManagerViewController.m */; };
		98D915051AA63A01006C370A /* MZUtility.m in Sources */ = {isa = PBXBuildFile; fileRef = 98D915021AA63A01006C370A /* MZUtility.m */; };
		DE9798C814BC8349006E5AC2 /* libDHxlsReaderIOS.a in Frameworks */ = {isa = PBXBuildFile; fileRef = DEB78B9A14BC7D9700845894 /* libDHxlsReaderIOS.a */; };
		DE9798CD14BC83C1006E5AC2 /* libiconv.dylib in Frameworks */ = {isa = PBXBuildFile; fileRef = DE9798CC14BC83C1006E5AC2 /* libiconv.dylib */; };
		DEB78B7514BC7D4400845894 /* UIKit.framework in Frameworks */ = {isa = PBXBuildFile; fileRef = DEB78B7414BC7D4400845894 /* UIKit.framework */; };
		DEB78B7714BC7D4400845894 /* Foundation.framework in Frameworks */ = {isa = PBXBuildFile; fileRef = DEB78B7614BC7D4400845894 /* Foundation.framework */; };
		DEB78B7914BC7D4400845894 /* CoreGraphics.framework in Frameworks */ = {isa = PBXBuildFile; fileRef = DEB78B7814BC7D4400845894 /* CoreGraphics.framework */; };
		DEB78B7F14BC7D4400845894 /* InfoPlist.strings in Resources */ = {isa = PBXBuildFile; fileRef = DEB78B7D14BC7D4400845894 /* InfoPlist.strings */; };
		DEB78B8114BC7D4400845894 /* main.m in Sources */ = {isa = PBXBuildFile; fileRef = DEB78B8014BC7D4400845894 /* main.m */; };
		DEB78B8514BC7D4400845894 /* AppDelegate.m in Sources */ = {isa = PBXBuildFile; fileRef = DEB78B8414BC7D4400845894 /* AppDelegate.m */; };
/* End PBXBuildFile section */

/* Begin PBXContainerItemProxy section */
		3DA903E4179AC8B7006C2EF2 /* PBXContainerItemProxy */ = {
			isa = PBXContainerItemProxy;
			containerPortal = DEB78B9514BC7D9600845894 /* DHxlsReaderIOS.xcodeproj */;
			proxyType = 2;
			remoteGlobalIDString = 97BCBBE716DD4E9A00FF978C;
			remoteInfo = DHxlsReader;
		};
		DEB78B9914BC7D9700845894 /* PBXContainerItemProxy */ = {
			isa = PBXContainerItemProxy;
			containerPortal = DEB78B9514BC7D9600845894 /* DHxlsReaderIOS.xcodeproj */;
			proxyType = 2;
			remoteGlobalIDString = DEB78ABF14BB9ABF00845894;
			remoteInfo = DHxlsReaderIOS;
		};
		DEB78BA714BC7E8700845894 /* PBXContainerItemProxy */ = {
			isa = PBXContainerItemProxy;
			containerPortal = DEB78B9514BC7D9600845894 /* DHxlsReaderIOS.xcodeproj */;
			proxyType = 1;
			remoteGlobalIDString = DEB78ABE14BB9ABF00845894;
			remoteInfo = DHxlsReaderIOS;
		};
/* End PBXContainerItemProxy section */

/* Begin PBXCopyFilesBuildPhase section */
		DE9798C714BC800C006E5AC2 /* CopyFiles */ = {
			isa = PBXCopyFilesBuildPhase;
			buildActionMask = 2147483647;
			dstPath = "";
			dstSubfolderSpec = 7;
			files = (
			);
			runOnlyForDeploymentPostprocessing = 0;
		};
/* End PBXCopyFilesBuildPhase section */

/* Begin PBXFileReference section */
		98158CB21AA618BA00F028C9 /* ServiceConnector.h */ = {isa = PBXFileReference; fileEncoding = 4; lastKnownFileType = sourcecode.c.h; path = ServiceConnector.h; sourceTree = "<group>"; };
		98158CB31AA618BA00F028C9 /* ServiceConnector.m */ = {isa = PBXFileReference; fileEncoding = 4; lastKnownFileType = sourcecode.c.objc; path = ServiceConnector.m; sourceTree = "<group>"; };
		98158CB51AA619A200F028C9 /* JSONDictionaryExtensions.h */ = {isa = PBXFileReference; fileEncoding = 4; lastKnownFileType = sourcecode.c.h; path = JSONDictionaryExtensions.h; sourceTree = "<group>"; };
		98158CB61AA61D6400F028C9 /* AMObjects.h */ = {isa = PBXFileReference; fileEncoding = 4; lastKnownFileType = sourcecode.c.h; path = AMObjects.h; sourceTree = "<group>"; };
		98158CB71AA61D6400F028C9 /* AMObjects.m */ = {isa = PBXFileReference; fileEncoding = 4; lastKnownFileType = sourcecode.c.objc; path = AMObjects.m; sourceTree = "<group>"; };
		98158CB91AA61D6500F028C9 /* AMxlsFile.h */ = {isa = PBXFileReference; fileEncoding = 4; lastKnownFileType = sourcecode.c.h; path = AMxlsFile.h; sourceTree = "<group>"; };
		98158CBA1AA61D6500F028C9 /* AMxlsFile.m */ = {isa = PBXFileReference; fileEncoding = 4; lastKnownFileType = sourcecode.c.objc; path = AMxlsFile.m; sourceTree = "<group>"; };
		98158CBC1AA61D6500F028C9 /* AMCustomVSchedule.h */ = {isa = PBXFileReference; fileEncoding = 4; lastKnownFileType = sourcecode.c.h; path = AMCustomVSchedule.h; sourceTree = "<group>"; };
		98158CBD1AA61D6500F028C9 /* AMCustomVSchedule.m */ = {isa = PBXFileReference; fileEncoding = 4; lastKnownFileType = sourcecode.c.objc; path = AMCustomVSchedule.m; sourceTree = "<group>"; };
		98158CBF1AA61D6500F028C9 /* AMNotes.h */ = {isa = PBXFileReference; fileEncoding = 4; lastKnownFileType = sourcecode.c.h; path = AMNotes.h; sourceTree = "<group>"; };
		98158CC01AA61D6500F028C9 /* AMNotes.m */ = {isa = PBXFileReference; fileEncoding = 4; lastKnownFileType = sourcecode.c.objc; path = AMNotes.m; sourceTree = "<group>"; };
		981EBC961A88C75F0031E7D8 /* AMGroup.h */ = {isa = PBXFileReference; fileEncoding = 4; lastKnownFileType = sourcecode.c.h; path = AMGroup.h; sourceTree = "<group>"; };
		981EBC971A88C75F0031E7D8 /* AMGroup.m */ = {isa = PBXFileReference; fileEncoding = 4; lastKnownFileType = sourcecode.c.objc; path = AMGroup.m; sourceTree = "<group>"; };
		981EBC991A88D0BA0031E7D8 /* AMCourse.h */ = {isa = PBXFileReference; fileEncoding = 4; lastKnownFileType = sourcecode.c.h; path = AMCourse.h; sourceTree = "<group>"; };
		981EBC9A1A88D0BA0031E7D8 /* AMCourse.m */ = {isa = PBXFileReference; fileEncoding = 4; lastKnownFileType = sourcecode.c.objc; path = AMCourse.m; sourceTree = "<group>"; };
		98372AB41A8A8C4100B1ACCF /* AMGroupTableViewCell.h */ = {isa = PBXFileReference; fileEncoding = 4; lastKnownFileType = sourcecode.c.h; path = AMGroupTableViewCell.h; sourceTree = "<group>"; };
		98372AB51A8A8C4100B1ACCF /* AMGroupTableViewCell.m */ = {isa = PBXFileReference; fileEncoding = 4; lastKnownFileType = sourcecode.c.objc; path = AMGroupTableViewCell.m; sourceTree = "<group>"; };
		98372AB71A8A905800B1ACCF /* AMReaderManager.h */ = {isa = PBXFileReference; fileEncoding = 4; lastKnownFileType = sourcecode.c.h; path = AMReaderManager.h; sourceTree = "<group>"; };
		98372AB81A8A905800B1ACCF /* AMReaderManager.m */ = {isa = PBXFileReference; fileEncoding = 4; lastKnownFileType = sourcecode.c.objc; path = AMReaderManager.m; sourceTree = "<group>"; };
		98390BD01A9F545F008FB583 /* THNotesTextView.h */ = {isa = PBXFileReference; fileEncoding = 4; lastKnownFileType = sourcecode.c.h; name = THNotesTextView.h; path = TestDHlibxls/THNotesTextView.h; sourceTree = SOURCE_ROOT; };
		98390BD11A9F545F008FB583 /* THNotesTextView.m */ = {isa = PBXFileReference; fileEncoding = 4; lastKnownFileType = sourcecode.c.objc; name = THNotesTextView.m; path = TestDHlibxls/THNotesTextView.m; sourceTree = SOURCE_ROOT; };
		9843842D1A921B260068C329 /* CoreData.xcdatamodel */ = {isa = PBXFileReference; lastKnownFileType = wrapper.xcdatamodel; path = CoreData.xcdatamodel; sourceTree = "<group>"; };
		984384311A921D1B0068C329 /* AMDataManager.h */ = {isa = PBXFileReference; fileEncoding = 4; lastKnownFileType = sourcecode.c.h; path = AMDataManager.h; sourceTree = "<group>"; };
		984384321A921D1B0068C329 /* AMDataManager.m */ = {isa = PBXFileReference; fileEncoding = 4; lastKnownFileType = sourcecode.c.objc; path = AMDataManager.m; sourceTree = "<group>"; };
		984384341A921E990068C329 /* CoreData.framework */ = {isa = PBXFileReference; lastKnownFileType = wrapper.framework; name = CoreData.framework; path = System/Library/Frameworks/CoreData.framework; sourceTree = SDKROOT; };
		98479B571A91006100C5F4EF /* AMSelVScheduleTableViewController.h */ = {isa = PBXFileReference; fileEncoding = 4; lastKnownFileType = sourcecode.c.h; path = AMSelVScheduleTableViewController.h; sourceTree = "<group>"; };
		98479B581A91006100C5F4EF /* AMSelVScheduleTableViewController.m */ = {isa = PBXFileReference; fileEncoding = 4; lastKnownFileType = sourcecode.c.objc; path = AMSelVScheduleTableViewController.m; sourceTree = "<group>"; };
		984C38DE1A8B83A3004A4E2E /* AMWeekTabBarController.h */ = {isa = PBXFileReference; fileEncoding = 4; lastKnownFileType = sourcecode.c.h; path = AMWeekTabBarController.h; sourceTree = "<group>"; };
		984C38DF1A8B83A3004A4E2E /* AMWeekTabBarController.m */ = {isa = PBXFileReference; fileEncoding = 4; lastKnownFileType = sourcecode.c.objc; path = AMWeekTabBarController.m; sourceTree = "<group>"; };
		984C38E41A8BC173004A4E2E /* Images.xcassets */ = {isa = PBXFileReference; lastKnownFileType = folder.assetcatalog; name = Images.xcassets; path = ../Images.xcassets; sourceTree = "<group>"; };
		986545E71A8A116F00822291 /* Main.storyboard */ = {isa = PBXFileReference; fileEncoding = 4; lastKnownFileType = file.storyboard; path = Main.storyboard; sourceTree = "<group>"; };
		986545EA1A8A11E000822291 /* AMGroupsTableViewController.h */ = {isa = PBXFileReference; fileEncoding = 4; lastKnownFileType = sourcecode.c.h; path = AMGroupsTableViewController.h; sourceTree = "<group>"; };
		986545EB1A8A11E000822291 /* AMGroupsTableViewController.m */ = {isa = PBXFileReference; fileEncoding = 4; lastKnownFileType = sourcecode.c.objc; path = AMGroupsTableViewController.m; sourceTree = "<group>"; };
		986545F51A8A2C7100822291 /* AMClassTableViewController.h */ = {isa = PBXFileReference; fileEncoding = 4; lastKnownFileType = sourcecode.c.h; path = AMClassTableViewController.h; sourceTree = "<group>"; };
		986545F61A8A2C7100822291 /* AMClassTableViewController.m */ = {isa = PBXFileReference; fileEncoding = 4; lastKnownFileType = sourcecode.c.objc; path = AMClassTableViewController.m; sourceTree = "<group>"; };
		986C74AF1A9DF11900DC412D /* AMNotesNameCell.h */ = {isa = PBXFileReference; fileEncoding = 4; lastKnownFileType = sourcecode.c.h; path = AMNotesNameCell.h; sourceTree = "<group>"; };
		986C74B01A9DF11900DC412D /* AMNotesNameCell.m */ = {isa = PBXFileReference; fileEncoding = 4; lastKnownFileType = sourcecode.c.objc; path = AMNotesNameCell.m; sourceTree = "<group>"; };
		986C74B31A9DF15500DC412D /* AMNotesTextCell.h */ = {isa = PBXFileReference; fileEncoding = 4; lastKnownFileType = sourcecode.c.h; path = AMNotesTextCell.h; sourceTree = "<group>"; };
		986C74B41A9DF15500DC412D /* AMNotesTextCell.m */ = {isa = PBXFileReference; fileEncoding = 4; lastKnownFileType = sourcecode.c.objc; path = AMNotesTextCell.m; sourceTree = "<group>"; };
		986D723E1A93A86000DD3F46 /* AMAddCourseTableViewController.h */ = {isa = PBXFileReference; fileEncoding = 4; lastKnownFileType = sourcecode.c.h; path = AMAddCourseTableViewController.h; sourceTree = "<group>"; };
		986D723F1A93A86000DD3F46 /* AMAddCourseTableViewController.m */ = {isa = PBXFileReference; fileEncoding = 4; lastKnownFileType = sourcecode.c.objc; path = AMAddCourseTableViewController.m; sourceTree = "<group>"; };
		98760D411A8FDA5E00B67F43 /* AMSetupTableViewController.h */ = {isa = PBXFileReference; fileEncoding = 4; lastKnownFileType = sourcecode.c.h; path = AMSetupTableViewController.h; sourceTree = "<group>"; };
		98760D421A8FDA5E00B67F43 /* AMSetupTableViewController.m */ = {isa = PBXFileReference; fileEncoding = 4; lastKnownFileType = sourcecode.c.objc; path = AMSetupTableViewController.m; sourceTree = "<group>"; };
		98760D441A8FE15900B67F43 /* AMPickerSetupViewController.h */ = {isa = PBXFileReference; fileEncoding = 4; lastKnownFileType = sourcecode.c.h; path = AMPickerSetupViewController.h; sourceTree = "<group>"; };
		98760D451A8FE15900B67F43 /* AMPickerSetupViewController.m */ = {isa = PBXFileReference; fileEncoding = 4; lastKnownFileType = sourcecode.c.objc; path = AMPickerSetupViewController.m; sourceTree = "<group>"; };
		987F18E81A8A2D35005D1FBC /* AMClassTableViewCell.h */ = {isa = PBXFileReference; fileEncoding = 4; lastKnownFileType = sourcecode.c.h; path = AMClassTableViewCell.h; sourceTree = "<group>"; };
		987F18E91A8A2D35005D1FBC /* AMClassTableViewCell.m */ = {isa = PBXFileReference; fileEncoding = 4; lastKnownFileType = sourcecode.c.objc; path = AMClassTableViewCell.m; sourceTree = "<group>"; };
		989565291A9B7750005AF795 /* AMNotesTableViewCell.h */ = {isa = PBXFileReference; fileEncoding = 4; lastKnownFileType = sourcecode.c.h; path = AMNotesTableViewCell.h; sourceTree = "<group>"; };
		9895652A1A9B7750005AF795 /* AMNotesTableViewCell.m */ = {isa = PBXFileReference; fileEncoding = 4; lastKnownFileType = sourcecode.c.objc; path = AMNotesTableViewCell.m; sourceTree = "<group>"; };
		9895652D1A9B7830005AF795 /* AMNotesTableViewController.h */ = {isa = PBXFileReference; fileEncoding = 4; lastKnownFileType = sourcecode.c.h; path = AMNotesTableViewController.h; sourceTree = "<group>"; };
		9895652E1A9B7830005AF795 /* AMNotesTableViewController.m */ = {isa = PBXFileReference; fileEncoding = 4; lastKnownFileType = sourcecode.c.objc; path = AMNotesTableViewController.m; sourceTree = "<group>"; };
		989565331A9B8781005AF795 /* AMAddNotesTableViewController.h */ = {isa = PBXFileReference; fileEncoding = 4; lastKnownFileType = sourcecode.c.h; path = AMAddNotesTableViewController.h; sourceTree = "<group>"; };
		989565341A9B8781005AF795 /* AMAddNotesTableViewController.m */ = {isa = PBXFileReference; fileEncoding = 4; lastKnownFileType = sourcecode.c.objc; path = AMAddNotesTableViewController.m; sourceTree = "<group>"; };
		98A808921AADF98D00FB9DD9 /* MNMBottomPullToRefresh.strings */ = {isa = PBXFileReference; fileEncoding = 4; lastKnownFileType = text.plist.strings; path = MNMBottomPullToRefresh.strings; sourceTree = "<group>"; };
		98A808931AADF98D00FB9DD9 /* MNMBottomPullToRefreshArrow.png */ = {isa = PBXFileReference; lastKnownFileType = image.png; path = MNMBottomPullToRefreshArrow.png; sourceTree = "<group>"; };
		98A808941AADF98D00FB9DD9 /* MNMBottomPullToRefreshArrow@2x.png */ = {isa = PBXFileReference; lastKnownFileType = image.png; path = "MNMBottomPullToRefreshArrow@2x.png"; sourceTree = "<group>"; };
		98A808951AADF98D00FB9DD9 /* MNMBottomPullToRefreshManager.h */ = {isa = PBXFileReference; fileEncoding = 4; lastKnownFileType = sourcecode.c.h; path = MNMBottomPullToRefreshManager.h; sourceTree = "<group>"; };
		98A808961AADF98D00FB9DD9 /* MNMBottomPullToRefreshManager.m */ = {isa = PBXFileReference; fileEncoding = 4; lastKnownFileType = sourcecode.c.objc; path = MNMBottomPullToRefreshManager.m; sourceTree = "<group>"; };
		98A808971AADF98D00FB9DD9 /* MNMBottomPullToRefreshView.h */ = {isa = PBXFileReference; fileEncoding = 4; lastKnownFileType = sourcecode.c.h; path = MNMBottomPullToRefreshView.h; sourceTree = "<group>"; };
		98A808981AADF98D00FB9DD9 /* MNMBottomPullToRefreshView.m */ = {isa = PBXFileReference; fileEncoding = 4; lastKnownFileType = sourcecode.c.objc; path = MNMBottomPullToRefreshView.m; sourceTree = "<group>"; };
		98A8089F1AADF99700FB9DD9 /* AMNewsCellTableViewCell.h */ = {isa = PBXFileReference; fileEncoding = 4; lastKnownFileType = sourcecode.c.h; name = AMNewsCellTableViewCell.h; path = News/AMNewsCellTableViewCell.h; sourceTree = SOURCE_ROOT; };
		98A808A01AADF99700FB9DD9 /* AMNewsTableViewController.h */ = {isa = PBXFileReference; fileEncoding = 4; lastKnownFileType = sourcecode.c.h; name = AMNewsTableViewController.h; path = News/AMNewsTableViewController.h; sourceTree = SOURCE_ROOT; };
		98A808A11AADF99700FB9DD9 /* AMOneNewsTableViewCell.h */ = {isa = PBXFileReference; fileEncoding = 4; lastKnownFileType = sourcecode.c.h; name = AMOneNewsTableViewCell.h; path = News/AMOneNewsTableViewCell.h; sourceTree = SOURCE_ROOT; };
		98A808A21AADF99700FB9DD9 /* AMOneNewsTableViewController.h */ = {isa = PBXFileReference; fileEncoding = 4; lastKnownFileType = sourcecode.c.h; name = AMOneNewsTableViewController.h; path = News/AMOneNewsTableViewController.h; sourceTree = SOURCE_ROOT; };
		98A808A51AADF99700FB9DD9 /* AMNewsCellTableViewCell.m */ = {isa = PBXFileReference; fileEncoding = 4; lastKnownFileType = sourcecode.c.objc; name = AMNewsCellTableViewCell.m; path = News/AMNewsCellTableViewCell.m; sourceTree = SOURCE_ROOT; };
		98A808A61AADF99700FB9DD9 /* AMNewsTableViewController.m */ = {isa = PBXFileReference; fileEncoding = 4; lastKnownFileType = sourcecode.c.objc; name = AMNewsTableViewController.m; path = News/AMNewsTableViewController.m; sourceTree = SOURCE_ROOT; };
		98A808A71AADF99700FB9DD9 /* AMOneNewsTableViewCell.m */ = {isa = PBXFileReference; fileEncoding = 4; lastKnownFileType = sourcecode.c.objc; name = AMOneNewsTableViewCell.m; path = News/AMOneNewsTableViewCell.m; sourceTree = SOURCE_ROOT; };
		98A808A81AADF99700FB9DD9 /* AMOneNewsTableViewController.m */ = {isa = PBXFileReference; fileEncoding = 4; lastKnownFileType = sourcecode.c.objc; name = AMOneNewsTableViewController.m; path = News/AMOneNewsTableViewController.m; sourceTree = SOURCE_ROOT; };
		98A808B11AADF9D100FB9DD9 /* HTMLNode.h */ = {isa = PBXFileReference; fileEncoding = 4; lastKnownFileType = sourcecode.c.h; path = HTMLNode.h; sourceTree = "<group>"; };
		98A808B21AADF9D100FB9DD9 /* HTMLNode.m */ = {isa = PBXFileReference; fileEncoding = 4; lastKnownFileType = sourcecode.c.objc; path = HTMLNode.m; sourceTree = "<group>"; };
		98A808B31AADF9D100FB9DD9 /* HTMLParser.h */ = {isa = PBXFileReference; fileEncoding = 4; lastKnownFileType = sourcecode.c.h; path = HTMLParser.h; sourceTree = "<group>"; };
		98A808B41AADF9D100FB9DD9 /* HTMLParser.m */ = {isa = PBXFileReference; fileEncoding = 4; lastKnownFileType = sourcecode.c.objc; path = HTMLParser.m; sourceTree = "<group>"; };
		98A808B51AADF9D100FB9DD9 /* README.md */ = {isa = PBXFileReference; fileEncoding = 4; lastKnownFileType = text; path = README.md; sourceTree = "<group>"; };
		98A808BA1AADFA4500FB9DD9 /* libxml2.dylib */ = {isa = PBXFileReference; lastKnownFileType = "compiled.mach-o.dylib"; name = libxml2.dylib; path = usr/lib/libxml2.dylib; sourceTree = SDKROOT; };
		98D914FD1AA63A01006C370A /* MZDownloadingCell.h */ = {isa = PBXFileReference; fileEncoding = 4; lastKnownFileType = sourcecode.c.h; path = MZDownloadingCell.h; sourceTree = "<group>"; };
		98D914FE1AA63A01006C370A /* MZDownloadingCell.m */ = {isa = PBXFileReference; fileEncoding = 4; lastKnownFileType = sourcecode.c.objc; path = MZDownloadingCell.m; sourceTree = "<group>"; };
		98D914FF1AA63A01006C370A /* MZDownloadManagerViewController.h */ = {isa = PBXFileReference; fileEncoding = 4; lastKnownFileType = sourcecode.c.h; path = MZDownloadManagerViewController.h; sourceTree = "<group>"; };
		98D915001AA63A01006C370A /* MZDownloadManagerViewController.m */ = {isa = PBXFileReference; fileEncoding = 4; lastKnownFileType = sourcecode.c.objc; path = MZDownloadManagerViewController.m; sourceTree = "<group>"; };
		98D915011AA63A01006C370A /* MZUtility.h */ = {isa = PBXFileReference; fileEncoding = 4; lastKnownFileType = sourcecode.c.h; path = MZUtility.h; sourceTree = "<group>"; };
		98D915021AA63A01006C370A /* MZUtility.m */ = {isa = PBXFileReference; fileEncoding = 4; lastKnownFileType = sourcecode.c.objc; path = MZUtility.m; sourceTree = "<group>"; };
		DE9798CC14BC83C1006E5AC2 /* libiconv.dylib */ = {isa = PBXFileReference; lastKnownFileType = "compiled.mach-o.dylib"; name = libiconv.dylib; path = usr/lib/libiconv.dylib; sourceTree = SDKROOT; };
		DEB78B7014BC7D4400845894 /* DiplomTest.app */ = {isa = PBXFileReference; explicitFileType = wrapper.application; includeInIndex = 0; path = DiplomTest.app; sourceTree = BUILT_PRODUCTS_DIR; };
		DEB78B7414BC7D4400845894 /* UIKit.framework */ = {isa = PBXFileReference; lastKnownFileType = wrapper.framework; name = UIKit.framework; path = System/Library/Frameworks/UIKit.framework; sourceTree = SDKROOT; };
		DEB78B7614BC7D4400845894 /* Foundation.framework */ = {isa = PBXFileReference; lastKnownFileType = wrapper.framework; name = Foundation.framework; path = System/Library/Frameworks/Foundation.framework; sourceTree = SDKROOT; };
		DEB78B7814BC7D4400845894 /* CoreGraphics.framework */ = {isa = PBXFileReference; lastKnownFileType = wrapper.framework; name = CoreGraphics.framework; path = System/Library/Frameworks/CoreGraphics.framework; sourceTree = SDKROOT; };
		DEB78B7C14BC7D4400845894 /* TestDHlibxls-Info.plist */ = {isa = PBXFileReference; lastKnownFileType = text.plist.xml; path = "TestDHlibxls-Info.plist"; sourceTree = "<group>"; };
		DEB78B7E14BC7D4400845894 /* en */ = {isa = PBXFileReference; lastKnownFileType = text.plist.strings; name = en; path = en.lproj/InfoPlist.strings; sourceTree = "<group>"; };
		DEB78B8014BC7D4400845894 /* main.m */ = {isa = PBXFileReference; lastKnownFileType = sourcecode.c.objc; path = main.m; sourceTree = "<group>"; };
		DEB78B8214BC7D4400845894 /* DiplomTest-Prefix.pch */ = {isa = PBXFileReference; lastKnownFileType = sourcecode.c.h; path = "DiplomTest-Prefix.pch"; sourceTree = "<group>"; };
		DEB78B8314BC7D4400845894 /* AppDelegate.h */ = {isa = PBXFileReference; lastKnownFileType = sourcecode.c.h; path = AppDelegate.h; sourceTree = "<group>"; };
		DEB78B8414BC7D4400845894 /* AppDelegate.m */ = {isa = PBXFileReference; lastKnownFileType = sourcecode.c.objc; path = AppDelegate.m; sourceTree = "<group>"; };
		DEB78B9514BC7D9600845894 /* DHxlsReaderIOS.xcodeproj */ = {isa = PBXFileReference; lastKnownFileType = "wrapper.pb-project"; path = DHxlsReaderIOS.xcodeproj; sourceTree = "<group>"; };
/* End PBXFileReference section */

/* Begin PBXFrameworksBuildPhase section */
		DEB78B6D14BC7D4400845894 /* Frameworks */ = {
			isa = PBXFrameworksBuildPhase;
			buildActionMask = 2147483647;
			files = (
				98A808BB1AADFA4500FB9DD9 /* libxml2.dylib in Frameworks */,
				DE9798CD14BC83C1006E5AC2 /* libiconv.dylib in Frameworks */,
				DE9798C814BC8349006E5AC2 /* libDHxlsReaderIOS.a in Frameworks */,
				DEB78B7914BC7D4400845894 /* CoreGraphics.framework in Frameworks */,
				DEB78B7514BC7D4400845894 /* UIKit.framework in Frameworks */,
				DEB78B7714BC7D4400845894 /* Foundation.framework in Frameworks */,
				984384361A92200A0068C329 /* CoreData.framework in Frameworks */,
			);
			runOnlyForDeploymentPostprocessing = 0;
		};
/* End PBXFrameworksBuildPhase section */

/* Begin PBXGroup section */
		98158CB01AA618A100F028C9 /* Server */ = {
			isa = PBXGroup;
			children = (
				98158CB51AA619A200F028C9 /* JSONDictionaryExtensions.h */,
				98158CB21AA618BA00F028C9 /* ServiceConnector.h */,
				98158CB31AA618BA00F028C9 /* ServiceConnector.m */,
			);
			name = Server;
			sourceTree = "<group>";
		};
		981EBC951A88C7400031E7D8 /* Models */ = {
			isa = PBXGroup;
			children = (
				981EBC961A88C75F0031E7D8 /* AMGroup.h */,
				981EBC971A88C75F0031E7D8 /* AMGroup.m */,
				981EBC991A88D0BA0031E7D8 /* AMCourse.h */,
				981EBC9A1A88D0BA0031E7D8 /* AMCourse.m */,
				98158CB61AA61D6400F028C9 /* AMObjects.h */,
				98158CB71AA61D6400F028C9 /* AMObjects.m */,
				98158CBC1AA61D6500F028C9 /* AMCustomVSchedule.h */,
				98158CBD1AA61D6500F028C9 /* AMCustomVSchedule.m */,
				98158CBF1AA61D6500F028C9 /* AMNotes.h */,
				98158CC01AA61D6500F028C9 /* AMNotes.m */,
				98158CB91AA61D6500F028C9 /* AMxlsFile.h */,
				98158CBA1AA61D6500F028C9 /* AMxlsFile.m */,
			);
			name = Models;
			sourceTree = "<group>";
		};
		98390BCB1A9F5351008FB583 /* THNotesTextView */ = {
			isa = PBXGroup;
			children = (
				98390BD01A9F545F008FB583 /* THNotesTextView.h */,
				98390BD11A9F545F008FB583 /* THNotesTextView.m */,
			);
			name = THNotesTextView;
			path = ../../THNotesTextView;
			sourceTree = "<group>";
		};
		984384301A921CF20068C329 /* Managers */ = {
			isa = PBXGroup;
			children = (
				98372AB71A8A905800B1ACCF /* AMReaderManager.h */,
				98372AB81A8A905800B1ACCF /* AMReaderManager.m */,
				984384311A921D1B0068C329 /* AMDataManager.h */,
				984384321A921D1B0068C329 /* AMDataManager.m */,
			);
			name = Managers;
			sourceTree = "<group>";
		};
		986545F01A8A181D00822291 /* ViewControllers */ = {
			isa = PBXGroup;
			children = (
				986545F51A8A2C7100822291 /* AMClassTableViewController.h */,
				986545F61A8A2C7100822291 /* AMClassTableViewController.m */,
				986545EA1A8A11E000822291 /* AMGroupsTableViewController.h */,
				986545EB1A8A11E000822291 /* AMGroupsTableViewController.m */,
				984C38DE1A8B83A3004A4E2E /* AMWeekTabBarController.h */,
				984C38DF1A8B83A3004A4E2E /* AMWeekTabBarController.m */,
				98760D411A8FDA5E00B67F43 /* AMSetupTableViewController.h */,
				98760D421A8FDA5E00B67F43 /* AMSetupTableViewController.m */,
				98760D441A8FE15900B67F43 /* AMPickerSetupViewController.h */,
				98760D451A8FE15900B67F43 /* AMPickerSetupViewController.m */,
				98479B571A91006100C5F4EF /* AMSelVScheduleTableViewController.h */,
				98479B581A91006100C5F4EF /* AMSelVScheduleTableViewController.m */,
				986D723E1A93A86000DD3F46 /* AMAddCourseTableViewController.h */,
				986D723F1A93A86000DD3F46 /* AMAddCourseTableViewController.m */,
				9895652D1A9B7830005AF795 /* AMNotesTableViewController.h */,
				9895652E1A9B7830005AF795 /* AMNotesTableViewController.m */,
				989565331A9B8781005AF795 /* AMAddNotesTableViewController.h */,
				989565341A9B8781005AF795 /* AMAddNotesTableViewController.m */,
			);
			name = ViewControllers;
			sourceTree = "<group>";
		};
		986545F11A8A27F100822291 /* Cell */ = {
			isa = PBXGroup;
			children = (
				987F18E81A8A2D35005D1FBC /* AMClassTableViewCell.h */,
				987F18E91A8A2D35005D1FBC /* AMClassTableViewCell.m */,
				98372AB41A8A8C4100B1ACCF /* AMGroupTableViewCell.h */,
				98372AB51A8A8C4100B1ACCF /* AMGroupTableViewCell.m */,
				989565291A9B7750005AF795 /* AMNotesTableViewCell.h */,
				9895652A1A9B7750005AF795 /* AMNotesTableViewCell.m */,
				986C74AF1A9DF11900DC412D /* AMNotesNameCell.h */,
				986C74B01A9DF11900DC412D /* AMNotesNameCell.m */,
				986C74B31A9DF15500DC412D /* AMNotesTextCell.h */,
				986C74B41A9DF15500DC412D /* AMNotesTextCell.m */,
			);
			name = Cell;
			sourceTree = "<group>";
		};
		98A8088F1AADF91300FB9DD9 /* News */ = {
			isa = PBXGroup;
			children = (
				98A808A21AADF99700FB9DD9 /* AMOneNewsTableViewController.h */,
				98A808A81AADF99700FB9DD9 /* AMOneNewsTableViewController.m */,
				98A808A01AADF99700FB9DD9 /* AMNewsTableViewController.h */,
				98A808A61AADF99700FB9DD9 /* AMNewsTableViewController.m */,
				98A808B91AADF9E000FB9DD9 /* NewsCell */,
				98A808B01AADF9D100FB9DD9 /* Objective-C-HMTL-Parser-master */,
				98A808911AADF98D00FB9DD9 /* MNMBottomPullToRefresh */,
			);
			name = News;
			sourceTree = "<group>";
		};
		98A808911AADF98D00FB9DD9 /* MNMBottomPullToRefresh */ = {
			isa = PBXGroup;
			children = (
				98A808921AADF98D00FB9DD9 /* MNMBottomPullToRefresh.strings */,
				98A808931AADF98D00FB9DD9 /* MNMBottomPullToRefreshArrow.png */,
				98A808941AADF98D00FB9DD9 /* MNMBottomPullToRefreshArrow@2x.png */,
				98A808951AADF98D00FB9DD9 /* MNMBottomPullToRefreshManager.h */,
				98A808961AADF98D00FB9DD9 /* MNMBottomPullToRefreshManager.m */,
				98A808971AADF98D00FB9DD9 /* MNMBottomPullToRefreshView.h */,
				98A808981AADF98D00FB9DD9 /* MNMBottomPullToRefreshView.m */,
			);
			name = MNMBottomPullToRefresh;
			path = News/MNMBottomPullToRefresh;
			sourceTree = SOURCE_ROOT;
		};
		98A808B01AADF9D100FB9DD9 /* Objective-C-HMTL-Parser-master */ = {
			isa = PBXGroup;
			children = (
				98A808B11AADF9D100FB9DD9 /* HTMLNode.h */,
				98A808B21AADF9D100FB9DD9 /* HTMLNode.m */,
				98A808B31AADF9D100FB9DD9 /* HTMLParser.h */,
				98A808B41AADF9D100FB9DD9 /* HTMLParser.m */,
				98A808B51AADF9D100FB9DD9 /* README.md */,
			);
			name = "Objective-C-HMTL-Parser-master";
			path = "News/Objective-C-HMTL-Parser-master";
			sourceTree = SOURCE_ROOT;
		};
		98A808B91AADF9E000FB9DD9 /* NewsCell */ = {
			isa = PBXGroup;
			children = (
				98A8089F1AADF99700FB9DD9 /* AMNewsCellTableViewCell.h */,
				98A808A11AADF99700FB9DD9 /* AMOneNewsTableViewCell.h */,
				98A808A51AADF99700FB9DD9 /* AMNewsCellTableViewCell.m */,
				98A808A71AADF99700FB9DD9 /* AMOneNewsTableViewCell.m */,
			);
			name = NewsCell;
			sourceTree = "<group>";
		};
		98D914FB1AA639C3006C370A /* MZDownloadManager */ = {
			isa = PBXGroup;
			children = (
				98D914FD1AA63A01006C370A /* MZDownloadingCell.h */,
				98D914FE1AA63A01006C370A /* MZDownloadingCell.m */,
				98D914FF1AA63A01006C370A /* MZDownloadManagerViewController.h */,
				98D915001AA63A01006C370A /* MZDownloadManagerViewController.m */,
				98D915011AA63A01006C370A /* MZUtility.h */,
				98D915021AA63A01006C370A /* MZUtility.m */,
			);
			name = MZDownloadManager;
			sourceTree = "<group>";
		};
		DEB78B6514BC7D4400845894 = {
			isa = PBXGroup;
			children = (
				DEB78B9514BC7D9600845894 /* DHxlsReaderIOS.xcodeproj */,
				DEB78B7A14BC7D4400845894 /* DimlomTest */,
				DEB78B7314BC7D4400845894 /* Frameworks */,
				DEB78B7114BC7D4400845894 /* Products */,
			);
			sourceTree = "<group>";
		};
		DEB78B7114BC7D4400845894 /* Products */ = {
			isa = PBXGroup;
			children = (
				DEB78B7014BC7D4400845894 /* DiplomTest.app */,
			);
			name = Products;
			sourceTree = "<group>";
		};
		DEB78B7314BC7D4400845894 /* Frameworks */ = {
			isa = PBXGroup;
			children = (
				98A808BA1AADFA4500FB9DD9 /* libxml2.dylib */,
				DE9798CC14BC83C1006E5AC2 /* libiconv.dylib */,
				984384341A921E990068C329 /* CoreData.framework */,
				DEB78B7414BC7D4400845894 /* UIKit.framework */,
				DEB78B7614BC7D4400845894 /* Foundation.framework */,
				DEB78B7814BC7D4400845894 /* CoreGraphics.framework */,
			);
			name = Frameworks;
			sourceTree = "<group>";
		};
		DEB78B7A14BC7D4400845894 /* DimlomTest */ = {
			isa = PBXGroup;
			children = (
				DEB78B8314BC7D4400845894 /* AppDelegate.h */,
				DEB78B8414BC7D4400845894 /* AppDelegate.m */,
				986545E71A8A116F00822291 /* Main.storyboard */,
				98A8088F1AADF91300FB9DD9 /* News */,
				98390BCB1A9F5351008FB583 /* THNotesTextView */,
				98D914FB1AA639C3006C370A /* MZDownloadManager */,
				98158CB01AA618A100F028C9 /* Server */,
				984384301A921CF20068C329 /* Managers */,
				981EBC951A88C7400031E7D8 /* Models */,
				986545F11A8A27F100822291 /* Cell */,
				986545F01A8A181D00822291 /* ViewControllers */,
				DEB78B7B14BC7D4400845894 /* Supporting Files */,
			);
			name = DimlomTest;
			path = TestDHlibxls;
			sourceTree = "<group>";
		};
		DEB78B7B14BC7D4400845894 /* Supporting Files */ = {
			isa = PBXGroup;
			children = (
				984C38E41A8BC173004A4E2E /* Images.xcassets */,
				9843842C1A921B260068C329 /* CoreData.xcdatamodeld */,
				DEB78B7C14BC7D4400845894 /* TestDHlibxls-Info.plist */,
				DEB78B7D14BC7D4400845894 /* InfoPlist.strings */,
				DEB78B8014BC7D4400845894 /* main.m */,
				DEB78B8214BC7D4400845894 /* DiplomTest-Prefix.pch */,
			);
			name = "Supporting Files";
			sourceTree = "<group>";
		};
		DEB78B9614BC7D9600845894 /* Products */ = {
			isa = PBXGroup;
			children = (
				DEB78B9A14BC7D9700845894 /* libDHxlsReaderIOS.a */,
				3DA903E5179AC8B7006C2EF2 /* libDHxlsReader.a */,
			);
			name = Products;
			sourceTree = "<group>";
		};
/* End PBXGroup section */

/* Begin PBXNativeTarget section */
		DEB78B6F14BC7D4400845894 /* DiplomTest */ = {
			isa = PBXNativeTarget;
			buildConfigurationList = DEB78B8E14BC7D4400845894 /* Build configuration list for PBXNativeTarget "DiplomTest" */;
			buildPhases = (
				DEB78B6C14BC7D4400845894 /* Sources */,
				DEB78B6D14BC7D4400845894 /* Frameworks */,
				DEB78B6E14BC7D4400845894 /* Resources */,
				DE9798C714BC800C006E5AC2 /* CopyFiles */,
			);
			buildRules = (
			);
			dependencies = (
				DEB78BA814BC7E8700845894 /* PBXTargetDependency */,
			);
			name = DiplomTest;
			productName = TestDHlibxls;
			productReference = DEB78B7014BC7D4400845894 /* DiplomTest.app */;
			productType = "com.apple.product-type.application";
		};
/* End PBXNativeTarget section */

/* Begin PBXProject section */
		DEB78B6714BC7D4400845894 /* Project object */ = {
			isa = PBXProject;
			attributes = {
				LastUpgradeCheck = 0510;
			};
			buildConfigurationList = DEB78B6A14BC7D4400845894 /* Build configuration list for PBXProject "DiplomTest" */;
			compatibilityVersion = "Xcode 3.2";
			developmentRegion = English;
			hasScannedForEncodings = 0;
			knownRegions = (
				en,
				Base,
			);
			mainGroup = DEB78B6514BC7D4400845894;
			productRefGroup = DEB78B7114BC7D4400845894 /* Products */;
			projectDirPath = "";
			projectReferences = (
				{
					ProductGroup = DEB78B9614BC7D9600845894 /* Products */;
					ProjectRef = DEB78B9514BC7D9600845894 /* DHxlsReaderIOS.xcodeproj */;
				},
			);
			projectRoot = "";
			targets = (
				DEB78B6F14BC7D4400845894 /* DiplomTest */,
			);
		};
/* End PBXProject section */

/* Begin PBXReferenceProxy section */
		3DA903E5179AC8B7006C2EF2 /* libDHxlsReader.a */ = {
			isa = PBXReferenceProxy;
			fileType = archive.ar;
			path = libDHxlsReader.a;
			remoteRef = 3DA903E4179AC8B7006C2EF2 /* PBXContainerItemProxy */;
			sourceTree = BUILT_PRODUCTS_DIR;
		};
		DEB78B9A14BC7D9700845894 /* libDHxlsReaderIOS.a */ = {
			isa = PBXReferenceProxy;
			fileType = archive.ar;
			path = libDHxlsReaderIOS.a;
			remoteRef = DEB78B9914BC7D9700845894 /* PBXContainerItemProxy */;
			sourceTree = BUILT_PRODUCTS_DIR;
		};
/* End PBXReferenceProxy section */

/* Begin PBXResourcesBuildPhase section */
		DEB78B6E14BC7D4400845894 /* Resources */ = {
			isa = PBXResourcesBuildPhase;
			buildActionMask = 2147483647;
			files = (
				98A8089B1AADF98D00FB9DD9 /* MNMBottomPullToRefreshArrow@2x.png in Resources */,
				DEB78B7F14BC7D4400845894 /* InfoPlist.strings in Resources */,
				984C38E51A8BC173004A4E2E /* Images.xcassets in Resources */,
				98A808B81AADF9D100FB9DD9 /* README.md in Resources */,
				98A808991AADF98D00FB9DD9 /* MNMBottomPullToRefresh.strings in Resources */,
				98A8089A1AADF98D00FB9DD9 /* MNMBottomPullToRefreshArrow.png in Resources */,
				986545E81A8A116F00822291 /* Main.storyboard in Resources */,
			);
			runOnlyForDeploymentPostprocessing = 0;
		};
/* End PBXResourcesBuildPhase section */

/* Begin PBXSourcesBuildPhase section */
		DEB78B6C14BC7D4400845894 /* Sources */ = {
			isa = PBXSourcesBuildPhase;
			buildActionMask = 2147483647;
			files = (
				987F18EA1A8A2D35005D1FBC /* AMClassTableViewCell.m in Sources */,
				98158CB41AA618BA00F028C9 /* ServiceConnector.m in Sources */,
				989565351A9B8781005AF795 /* AMAddNotesTableViewController.m in Sources */,
				DEB78B8114BC7D4400845894 /* main.m in Sources */,
				9895652B1A9B7750005AF795 /* AMNotesTableViewCell.m in Sources */,
				98A808AE1AADF99700FB9DD9 /* AMOneNewsTableViewController.m in Sources */,
				DEB78B8514BC7D4400845894 /* AppDelegate.m in Sources */,
				98A808AB1AADF99700FB9DD9 /* AMNewsCellTableViewCell.m in Sources */,
				98A808AC1AADF99700FB9DD9 /* AMNewsTableViewController.m in Sources */,
				98A808B71AADF9D100FB9DD9 /* HTMLParser.m in Sources */,
				981EBC9B1A88D0BA0031E7D8 /* AMCourse.m in Sources */,
				98D915031AA63A01006C370A /* MZDownloadingCell.m in Sources */,
				98A808AD1AADF99700FB9DD9 /* AMOneNewsTableViewCell.m in Sources */,
				98158CC11AA61D6500F028C9 /* AMNotes.m in Sources */,
				981EBC981A88C75F0031E7D8 /* AMGroup.m in Sources */,
				986C74B51A9DF15500DC412D /* AMNotesTextCell.m in Sources */,
				984C38E01A8B83A3004A4E2E /* AMWeekTabBarController.m in Sources */,
				9843842E1A921B260068C329 /* CoreData.xcdatamodeld in Sources */,
				98158CBE1AA61D6500F028C9 /* AMCustomVSchedule.m in Sources */,
				98158CB81AA61D6400F028C9 /* AMObjects.m in Sources */,
				986C74B11A9DF11900DC412D /* AMNotesNameCell.m in Sources */,
				98479B591A91006100C5F4EF /* AMSelVScheduleTableViewController.m in Sources */,
				98A808B61AADF9D100FB9DD9 /* HTMLNode.m in Sources */,
				98390BD21A9F545F008FB583 /* THNotesTextView.m in Sources */,
				986D72401A93A86000DD3F46 /* AMAddCourseTableViewController.m in Sources */,
				98158CBB1AA61D6500F028C9 /* AMxlsFile.m in Sources */,
				98D915041AA63A01006C370A /* MZDownloadManagerViewController.m in Sources */,
				98D915051AA63A01006C370A /* MZUtility.m in Sources */,
				984384331A921D1B0068C329 /* AMDataManager.m in Sources */,
				986545F71A8A2C7100822291 /* AMClassTableViewController.m in Sources */,
				98760D431A8FDA5E00B67F43 /* AMSetupTableViewController.m in Sources */,
				986545EC1A8A11E000822291 /* AMGroupsTableViewController.m in Sources */,
				98372AB91A8A905800B1ACCF /* AMReaderManager.m in Sources */,
				9895652F1A9B7830005AF795 /* AMNotesTableViewController.m in Sources */,
				98A8089C1AADF98D00FB9DD9 /* MNMBottomPullToRefreshManager.m in Sources */,
				98372AB61A8A8C4100B1ACCF /* AMGroupTableViewCell.m in Sources */,
				98A8089D1AADF98D00FB9DD9 /* MNMBottomPullToRefreshView.m in Sources */,
				98760D461A8FE15900B67F43 /* AMPickerSetupViewController.m in Sources */,
			);
			runOnlyForDeploymentPostprocessing = 0;
		};
/* End PBXSourcesBuildPhase section */

/* Begin PBXTargetDependency section */
		DEB78BA814BC7E8700845894 /* PBXTargetDependency */ = {
			isa = PBXTargetDependency;
			name = DHxlsReaderIOS;
			targetProxy = DEB78BA714BC7E8700845894 /* PBXContainerItemProxy */;
		};
/* End PBXTargetDependency section */

/* Begin PBXVariantGroup section */
		DEB78B7D14BC7D4400845894 /* InfoPlist.strings */ = {
			isa = PBXVariantGroup;
			children = (
				DEB78B7E14BC7D4400845894 /* en */,
			);
			name = InfoPlist.strings;
			sourceTree = "<group>";
		};
/* End PBXVariantGroup section */

/* Begin XCBuildConfiguration section */
		DE97994314BCD581006E5AC2 /* Distribution */ = {
			isa = XCBuildConfiguration;
			buildSettings = {
				ALWAYS_SEARCH_USER_PATHS = NO;
				CLANG_ENABLE_OBJC_ARC = YES;
				"CODE_SIGN_IDENTITY[sdk=iphoneos*]" = "iPhone Developer";
				GCC_C_LANGUAGE_STANDARD = c99;
				GCC_ENABLE_OBJC_EXCEPTIONS = NO;
				GCC_WARN_ABOUT_MISSING_PROTOTYPES = YES;
				GCC_WARN_ABOUT_RETURN_TYPE = YES;
				GCC_WARN_UNUSED_VARIABLE = YES;
				HEADER_SEARCH_PATHS = DHxlsReader;
				IPHONEOS_DEPLOYMENT_TARGET = 7.1;
				OTHER_CFLAGS = "-DNS_BLOCK_ASSERTIONS=1";
				SDKROOT = iphoneos;
				VALIDATE_PRODUCT = YES;
			};
			name = Distribution;
		};
		DE97994414BCD581006E5AC2 /* Distribution */ = {
			isa = XCBuildConfiguration;
			buildSettings = {
				ASSETCATALOG_COMPILER_APPICON_NAME = AppIcon;
				ASSETCATALOG_COMPILER_LAUNCHIMAGE_NAME = LaunchImage;
				GCC_PRECOMPILE_PREFIX_HEADER = YES;
				GCC_PREFIX_HEADER = "TestDHlibxls/DiplomTest-Prefix.pch";
				HEADER_SEARCH_PATHS = (
					DHxlsReader,
					/usr/include/libxml2,
				);
				INFOPLIST_FILE = "TestDHlibxls/TestDHlibxls-Info.plist";
				IPHONEOS_DEPLOYMENT_TARGET = 8.0;
				PRODUCT_NAME = DiplomTest;
				WRAPPER_EXTENSION = app;
			};
			name = Distribution;
		};
		DEB78B8C14BC7D4400845894 /* Debug */ = {
			isa = XCBuildConfiguration;
			buildSettings = {
				ALWAYS_SEARCH_USER_PATHS = NO;
				CLANG_ENABLE_OBJC_ARC = YES;
				"CODE_SIGN_IDENTITY[sdk=iphoneos*]" = "iPhone Developer";
				GCC_C_LANGUAGE_STANDARD = c99;
				GCC_DYNAMIC_NO_PIC = NO;
				GCC_ENABLE_OBJC_EXCEPTIONS = NO;
				GCC_PREPROCESSOR_DEFINITIONS = (
					"DEBUG=1",
					"$(inherited)",
				);
				GCC_WARN_ABOUT_MISSING_PROTOTYPES = YES;
				GCC_WARN_ABOUT_RETURN_TYPE = YES;
				GCC_WARN_UNUSED_VARIABLE = YES;
				HEADER_SEARCH_PATHS = DHxlsReader;
				IPHONEOS_DEPLOYMENT_TARGET = 7.1;
				ONLY_ACTIVE_ARCH = YES;
				SDKROOT = iphoneos;
			};
			name = Debug;
		};
		DEB78B8D14BC7D4400845894 /* Release */ = {
			isa = XCBuildConfiguration;
			buildSettings = {
				ALWAYS_SEARCH_USER_PATHS = NO;
				CLANG_ENABLE_OBJC_ARC = YES;
				"CODE_SIGN_IDENTITY[sdk=iphoneos*]" = "iPhone Developer";
				GCC_C_LANGUAGE_STANDARD = c99;
				GCC_ENABLE_OBJC_EXCEPTIONS = NO;
				GCC_WARN_ABOUT_MISSING_PROTOTYPES = YES;
				GCC_WARN_ABOUT_RETURN_TYPE = YES;
				GCC_WARN_UNUSED_VARIABLE = YES;
				HEADER_SEARCH_PATHS = DHxlsReader;
				IPHONEOS_DEPLOYMENT_TARGET = 7.1;
				OTHER_CFLAGS = "-DNS_BLOCK_ASSERTIONS=1";
				SDKROOT = iphoneos;
				VALIDATE_PRODUCT = YES;
			};
			name = Release;
		};
		DEB78B8F14BC7D4400845894 /* Debug */ = {
			isa = XCBuildConfiguration;
			buildSettings = {
				ASSETCATALOG_COMPILER_APPICON_NAME = AppIcon;
				ASSETCATALOG_COMPILER_LAUNCHIMAGE_NAME = LaunchImage;
				GCC_PRECOMPILE_PREFIX_HEADER = YES;
				GCC_PREFIX_HEADER = "TestDHlibxls/DiplomTest-Prefix.pch";
				HEADER_SEARCH_PATHS = (
					DHxlsReader,
					/usr/include/libxml2,
				);
				INFOPLIST_FILE = "TestDHlibxls/TestDHlibxls-Info.plist";
				IPHONEOS_DEPLOYMENT_TARGET = 8.0;
				PRODUCT_NAME = DiplomTest;
				WRAPPER_EXTENSION = app;
			};
			name = Debug;
		};
		DEB78B9014BC7D4400845894 /* Release */ = {
			isa = XCBuildConfiguration;
			buildSettings = {
				ASSETCATALOG_COMPILER_APPICON_NAME = AppIcon;
				ASSETCATALOG_COMPILER_LAUNCHIMAGE_NAME = LaunchImage;
				GCC_PRECOMPILE_PREFIX_HEADER = YES;
				GCC_PREFIX_HEADER = "TestDHlibxls/DiplomTest-Prefix.pch";
				HEADER_SEARCH_PATHS = (
					DHxlsReader,
					/usr/include/libxml2,
				);
				INFOPLIST_FILE = "TestDHlibxls/TestDHlibxls-Info.plist";
				IPHONEOS_DEPLOYMENT_TARGET = 8.0;
				PRODUCT_NAME = DiplomTest;
				WRAPPER_EXTENSION = app;
			};
			name = Release;
		};
/* End XCBuildConfiguration section */

/* Begin XCConfigurationList section */
		DEB78B6A14BC7D4400845894 /* Build configuration list for PBXProject "DiplomTest" */ = {
			isa = XCConfigurationList;
			buildConfigurations = (
				DEB78B8C14BC7D4400845894 /* Debug */,
				DEB78B8D14BC7D4400845894 /* Release */,
				DE97994314BCD581006E5AC2 /* Distribution */,
			);
			defaultConfigurationIsVisible = 0;
			defaultConfigurationName = Release;
		};
		DEB78B8E14BC7D4400845894 /* Build configuration list for PBXNativeTarget "DiplomTest" */ = {
			isa = XCConfigurationList;
			buildConfigurations = (
				DEB78B8F14BC7D4400845894 /* Debug */,
				DEB78B9014BC7D4400845894 /* Release */,
				DE97994414BCD581006E5AC2 /* Distribution */,
			);
			defaultConfigurationIsVisible = 0;
			defaultConfigurationName = Release;
		};
/* End XCConfigurationList section */

/* Begin XCVersionGroup section */
		9843842C1A921B260068C329 /* CoreData.xcdatamodeld */ = {
			isa = XCVersionGroup;
			children = (
				9843842D1A921B260068C329 /* CoreData.xcdatamodel */,
			);
			currentVersion = 9843842D1A921B260068C329 /* CoreData.xcdatamodel */;
			name = CoreData.xcdatamodeld;
			path = ../CoreData.xcdatamodeld;
			sourceTree = "<group>";
			versionGroupType = wrapper.xcdatamodel;
		};
/* End XCVersionGroup section */
	};
	rootObject = DEB78B6714BC7D4400845894 /* Project object */;
}
